// !$*UTF8*$!
{
	archiveVersion = 1;
	classes = {
	};
	objectVersion = 55;
	objects = {

/* Begin PBXBuildFile section */
		E8724865284DFF2D007D306B /* AppDelegate.swift in Sources */ = {isa = PBXBuildFile; fileRef = E8724864284DFF2D007D306B /* AppDelegate.swift */; };
		E8724869284DFF2D007D306B /* GallaryViewController.swift in Sources */ = {isa = PBXBuildFile; fileRef = E8724868284DFF2D007D306B /* GallaryViewController.swift */; };
		E872486E284DFF2E007D306B /* Assets.xcassets in Resources */ = {isa = PBXBuildFile; fileRef = E872486D284DFF2E007D306B /* Assets.xcassets */; };
		E8724871284DFF2E007D306B /* LaunchScreen.storyboard in Resources */ = {isa = PBXBuildFile; fileRef = E872486F284DFF2E007D306B /* LaunchScreen.storyboard */; };
		E8724879284E039E007D306B /* TabBarViewController.swift in Sources */ = {isa = PBXBuildFile; fileRef = E8724878284E039E007D306B /* TabBarViewController.swift */; };
		E872487B284E048B007D306B /* FavoriteViewController.swift in Sources */ = {isa = PBXBuildFile; fileRef = E872487A284E048B007D306B /* FavoriteViewController.swift */; };
		E8724881284E0C10007D306B /* Photo.swift in Sources */ = {isa = PBXBuildFile; fileRef = E8724880284E0C10007D306B /* Photo.swift */; };
		E8724884284E1142007D306B /* GallaryViewCell.swift in Sources */ = {isa = PBXBuildFile; fileRef = E8724883284E1142007D306B /* GallaryViewCell.swift */; };
		E8724887284E1558007D306B /* NetworkManager.swift in Sources */ = {isa = PBXBuildFile; fileRef = E8724886284E1558007D306B /* NetworkManager.swift */; };
		E872488A284E1B89007D306B /* PhotoImage.swift in Sources */ = {isa = PBXBuildFile; fileRef = E8724889284E1B89007D306B /* PhotoImage.swift */; };
		E872488C284E1BB1007D306B /* ImageManager.swift in Sources */ = {isa = PBXBuildFile; fileRef = E872488B284E1BB1007D306B /* ImageManager.swift */; };
		E872488E284E2A83007D306B /* GallaryLayout.swift in Sources */ = {isa = PBXBuildFile; fileRef = E872488D284E2A83007D306B /* GallaryLayout.swift */; };
		E8724891284E31D6007D306B /* PhotoServise.swift in Sources */ = {isa = PBXBuildFile; fileRef = E8724890284E31D6007D306B /* PhotoServise.swift */; };
		E8724893284E3254007D306B /* PhotoInteractor.swift in Sources */ = {isa = PBXBuildFile; fileRef = E8724892284E3254007D306B /* PhotoInteractor.swift */; };
/* End PBXBuildFile section */

/* Begin PBXFileReference section */
		E8724861284DFF2D007D306B /* PhotoBuchetWithoutStoryboard.app */ = {isa = PBXFileReference; explicitFileType = wrapper.application; includeInIndex = 0; path = PhotoBuchetWithoutStoryboard.app; sourceTree = BUILT_PRODUCTS_DIR; };
		E8724864284DFF2D007D306B /* AppDelegate.swift */ = {isa = PBXFileReference; lastKnownFileType = sourcecode.swift; path = AppDelegate.swift; sourceTree = "<group>"; };
		E8724868284DFF2D007D306B /* GallaryViewController.swift */ = {isa = PBXFileReference; lastKnownFileType = sourcecode.swift; path = GallaryViewController.swift; sourceTree = "<group>"; };
		E872486D284DFF2E007D306B /* Assets.xcassets */ = {isa = PBXFileReference; lastKnownFileType = folder.assetcatalog; path = Assets.xcassets; sourceTree = "<group>"; };
		E8724870284DFF2E007D306B /* Base */ = {isa = PBXFileReference; lastKnownFileType = file.storyboard; name = Base; path = Base.lproj/LaunchScreen.storyboard; sourceTree = "<group>"; };
		E8724872284DFF2E007D306B /* Info.plist */ = {isa = PBXFileReference; lastKnownFileType = text.plist.xml; path = Info.plist; sourceTree = "<group>"; };
		E8724878284E039E007D306B /* TabBarViewController.swift */ = {isa = PBXFileReference; lastKnownFileType = sourcecode.swift; path = TabBarViewController.swift; sourceTree = "<group>"; };
		E872487A284E048B007D306B /* FavoriteViewController.swift */ = {isa = PBXFileReference; lastKnownFileType = sourcecode.swift; path = FavoriteViewController.swift; sourceTree = "<group>"; };
		E8724880284E0C10007D306B /* Photo.swift */ = {isa = PBXFileReference; lastKnownFileType = sourcecode.swift; path = Photo.swift; sourceTree = "<group>"; };
		E8724883284E1142007D306B /* GallaryViewCell.swift */ = {isa = PBXFileReference; lastKnownFileType = sourcecode.swift; path = GallaryViewCell.swift; sourceTree = "<group>"; };
		E8724886284E1558007D306B /* NetworkManager.swift */ = {isa = PBXFileReference; lastKnownFileType = sourcecode.swift; path = NetworkManager.swift; sourceTree = "<group>"; };
		E8724889284E1B89007D306B /* PhotoImage.swift */ = {isa = PBXFileReference; lastKnownFileType = sourcecode.swift; path = PhotoImage.swift; sourceTree = "<group>"; };
		E872488B284E1BB1007D306B /* ImageManager.swift */ = {isa = PBXFileReference; lastKnownFileType = sourcecode.swift; path = ImageManager.swift; sourceTree = "<group>"; };
		E872488D284E2A83007D306B /* GallaryLayout.swift */ = {isa = PBXFileReference; lastKnownFileType = sourcecode.swift; path = GallaryLayout.swift; sourceTree = "<group>"; };
		E8724890284E31D6007D306B /* PhotoServise.swift */ = {isa = PBXFileReference; lastKnownFileType = sourcecode.swift; path = PhotoServise.swift; sourceTree = "<group>"; };
		E8724892284E3254007D306B /* PhotoInteractor.swift */ = {isa = PBXFileReference; lastKnownFileType = sourcecode.swift; path = PhotoInteractor.swift; sourceTree = "<group>"; };
/* End PBXFileReference section */

/* Begin PBXFrameworksBuildPhase section */
		E872485E284DFF2D007D306B /* Frameworks */ = {
			isa = PBXFrameworksBuildPhase;
			buildActionMask = 2147483647;
			files = (
			);
			runOnlyForDeploymentPostprocessing = 0;
		};
/* End PBXFrameworksBuildPhase section */

/* Begin PBXGroup section */
		E8724858284DFF2D007D306B = {
			isa = PBXGroup;
			children = (
				E8724863284DFF2D007D306B /* PhotoBuchetWithoutStoryboard */,
				E8724862284DFF2D007D306B /* Products */,
			);
			sourceTree = "<group>";
		};
		E8724862284DFF2D007D306B /* Products */ = {
			isa = PBXGroup;
			children = (
				E8724861284DFF2D007D306B /* PhotoBuchetWithoutStoryboard.app */,
			);
			name = Products;
			sourceTree = "<group>";
		};
		E8724863284DFF2D007D306B /* PhotoBuchetWithoutStoryboard */ = {
			isa = PBXGroup;
			children = (
				E872488F284E31AD007D306B /* PhotoService */,
				E8724888284E1B5D007D306B /* Extension */,
				E8724885284E1543007D306B /* NetworkServices */,
				E872487F284E0BCE007D306B /* Models */,
				E8724878284E039E007D306B /* TabBarViewController.swift */,
				E872487E284E0B3F007D306B /* GallaryViewController */,
				E8724882284E0FA8007D306B /* FavoriteViewController */,
				E872486F284DFF2E007D306B /* LaunchScreen.storyboard */,
				E872487C284E0A8A007D306B /* App */,
				E872487D284E0AAB007D306B /* Resources */,
			);
			path = PhotoBuchetWithoutStoryboard;
			sourceTree = "<group>";
		};
		E872487C284E0A8A007D306B /* App */ = {
			isa = PBXGroup;
			children = (
				E8724872284DFF2E007D306B /* Info.plist */,
				E8724864284DFF2D007D306B /* AppDelegate.swift */,
			);
			path = App;
			sourceTree = "<group>";
		};
		E872487D284E0AAB007D306B /* Resources */ = {
			isa = PBXGroup;
			children = (
				E872486D284DFF2E007D306B /* Assets.xcassets */,
			);
			path = Resources;
			sourceTree = "<group>";
		};
		E872487E284E0B3F007D306B /* GallaryViewController */ = {
			isa = PBXGroup;
			children = (
				E8724868284DFF2D007D306B /* GallaryViewController.swift */,
				E8724883284E1142007D306B /* GallaryViewCell.swift */,
				E872488D284E2A83007D306B /* GallaryLayout.swift */,
			);
			path = GallaryViewController;
			sourceTree = "<group>";
		};
		E872487F284E0BCE007D306B /* Models */ = {
			isa = PBXGroup;
			children = (
				E8724880284E0C10007D306B /* Photo.swift */,
			);
			path = Models;
			sourceTree = "<group>";
		};
		E8724882284E0FA8007D306B /* FavoriteViewController */ = {
			isa = PBXGroup;
			children = (
				E872487A284E048B007D306B /* FavoriteViewController.swift */,
			);
			path = FavoriteViewController;
			sourceTree = "<group>";
		};
		E8724885284E1543007D306B /* NetworkServices */ = {
			isa = PBXGroup;
			children = (
				E8724886284E1558007D306B /* NetworkManager.swift */,
				E872488B284E1BB1007D306B /* ImageManager.swift */,
			);
			path = NetworkServices;
			sourceTree = "<group>";
		};
		E8724888284E1B5D007D306B /* Extension */ = {
			isa = PBXGroup;
			children = (
				E8724889284E1B89007D306B /* PhotoImage.swift */,
			);
			path = Extension;
			sourceTree = "<group>";
		};
		E872488F284E31AD007D306B /* PhotoService */ = {
			isa = PBXGroup;
			children = (
				E8724890284E31D6007D306B /* PhotoServise.swift */,
				E8724892284E3254007D306B /* PhotoInteractor.swift */,
			);
			path = PhotoService;
			sourceTree = "<group>";
		};
/* End PBXGroup section */

/* Begin PBXNativeTarget section */
		E8724860284DFF2D007D306B /* PhotoBuchetWithoutStoryboard */ = {
			isa = PBXNativeTarget;
			buildConfigurationList = E8724875284DFF2E007D306B /* Build configuration list for PBXNativeTarget "PhotoBuchetWithoutStoryboard" */;
			buildPhases = (
				E872485D284DFF2D007D306B /* Sources */,
				E872485E284DFF2D007D306B /* Frameworks */,
				E872485F284DFF2D007D306B /* Resources */,
			);
			buildRules = (
			);
			dependencies = (
			);
			name = PhotoBuchetWithoutStoryboard;
			productName = PhotoBuchetWithoutStoryboard;
			productReference = E8724861284DFF2D007D306B /* PhotoBuchetWithoutStoryboard.app */;
			productType = "com.apple.product-type.application";
		};
/* End PBXNativeTarget section */

/* Begin PBXProject section */
		E8724859284DFF2D007D306B /* Project object */ = {
			isa = PBXProject;
			attributes = {
				BuildIndependentTargetsInParallel = 1;
				LastSwiftUpdateCheck = 1330;
				LastUpgradeCheck = 1330;
				TargetAttributes = {
					E8724860284DFF2D007D306B = {
						CreatedOnToolsVersion = 13.3.1;
					};
				};
			};
			buildConfigurationList = E872485C284DFF2D007D306B /* Build configuration list for PBXProject "PhotoBuchetWithoutStoryboard" */;
			compatibilityVersion = "Xcode 13.0";
			developmentRegion = en;
			hasScannedForEncodings = 0;
			knownRegions = (
				en,
				Base,
			);
			mainGroup = E8724858284DFF2D007D306B;
			productRefGroup = E8724862284DFF2D007D306B /* Products */;
			projectDirPath = "";
			projectRoot = "";
			targets = (
				E8724860284DFF2D007D306B /* PhotoBuchetWithoutStoryboard */,
			);
		};
/* End PBXProject section */

/* Begin PBXResourcesBuildPhase section */
		E872485F284DFF2D007D306B /* Resources */ = {
			isa = PBXResourcesBuildPhase;
			buildActionMask = 2147483647;
			files = (
				E8724871284DFF2E007D306B /* LaunchScreen.storyboard in Resources */,
				E872486E284DFF2E007D306B /* Assets.xcassets in Resources */,
			);
			runOnlyForDeploymentPostprocessing = 0;
		};
/* End PBXResourcesBuildPhase section */

/* Begin PBXSourcesBuildPhase section */
		E872485D284DFF2D007D306B /* Sources */ = {
			isa = PBXSourcesBuildPhase;
			buildActionMask = 2147483647;
			files = (
				E872488A284E1B89007D306B /* PhotoImage.swift in Sources */,
				E8724893284E3254007D306B /* PhotoInteractor.swift in Sources */,
				E8724884284E1142007D306B /* GallaryViewCell.swift in Sources */,
				E8724869284DFF2D007D306B /* GallaryViewController.swift in Sources */,
				E872488C284E1BB1007D306B /* ImageManager.swift in Sources */,
				E8724879284E039E007D306B /* TabBarViewController.swift in Sources */,
				E8724887284E1558007D306B /* NetworkManager.swift in Sources */,
				E8724891284E31D6007D306B /* PhotoServise.swift in Sources */,
				E872487B284E048B007D306B /* FavoriteViewController.swift in Sources */,
				E8724865284DFF2D007D306B /* AppDelegate.swift in Sources */,
				E872488E284E2A83007D306B /* GallaryLayout.swift in Sources */,
				E8724881284E0C10007D306B /* Photo.swift in Sources */,
			);
			runOnlyForDeploymentPostprocessing = 0;
		};
/* End PBXSourcesBuildPhase section */

/* Begin PBXVariantGroup section */
		E872486F284DFF2E007D306B /* LaunchScreen.storyboard */ = {
			isa = PBXVariantGroup;
			children = (
				E8724870284DFF2E007D306B /* Base */,
			);
			name = LaunchScreen.storyboard;
			sourceTree = "<group>";
		};
/* End PBXVariantGroup section */

/* Begin XCBuildConfiguration section */
		E8724873284DFF2E007D306B /* Debug */ = {
			isa = XCBuildConfiguration;
			buildSettings = {
				ALWAYS_SEARCH_USER_PATHS = NO;
				CLANG_ANALYZER_NONNULL = YES;
				CLANG_ANALYZER_NUMBER_OBJECT_CONVERSION = YES_AGGRESSIVE;
				CLANG_CXX_LANGUAGE_STANDARD = "gnu++17";
				CLANG_ENABLE_MODULES = YES;
				CLANG_ENABLE_OBJC_ARC = YES;
				CLANG_ENABLE_OBJC_WEAK = YES;
				CLANG_WARN_BLOCK_CAPTURE_AUTORELEASING = YES;
				CLANG_WARN_BOOL_CONVERSION = YES;
				CLANG_WARN_COMMA = YES;
				CLANG_WARN_CONSTANT_CONVERSION = YES;
				CLANG_WARN_DEPRECATED_OBJC_IMPLEMENTATIONS = YES;
				CLANG_WARN_DIRECT_OBJC_ISA_USAGE = YES_ERROR;
				CLANG_WARN_DOCUMENTATION_COMMENTS = YES;
				CLANG_WARN_EMPTY_BODY = YES;
				CLANG_WARN_ENUM_CONVERSION = YES;
				CLANG_WARN_INFINITE_RECURSION = YES;
				CLANG_WARN_INT_CONVERSION = YES;
				CLANG_WARN_NON_LITERAL_NULL_CONVERSION = YES;
				CLANG_WARN_OBJC_IMPLICIT_RETAIN_SELF = YES;
				CLANG_WARN_OBJC_LITERAL_CONVERSION = YES;
				CLANG_WARN_OBJC_ROOT_CLASS = YES_ERROR;
				CLANG_WARN_QUOTED_INCLUDE_IN_FRAMEWORK_HEADER = YES;
				CLANG_WARN_RANGE_LOOP_ANALYSIS = YES;
				CLANG_WARN_STRICT_PROTOTYPES = YES;
				CLANG_WARN_SUSPICIOUS_MOVE = YES;
				CLANG_WARN_UNGUARDED_AVAILABILITY = YES_AGGRESSIVE;
				CLANG_WARN_UNREACHABLE_CODE = YES;
				CLANG_WARN__DUPLICATE_METHOD_MATCH = YES;
				COPY_PHASE_STRIP = NO;
				DEBUG_INFORMATION_FORMAT = dwarf;
				ENABLE_STRICT_OBJC_MSGSEND = YES;
				ENABLE_TESTABILITY = YES;
				GCC_C_LANGUAGE_STANDARD = gnu11;
				GCC_DYNAMIC_NO_PIC = NO;
				GCC_NO_COMMON_BLOCKS = YES;
				GCC_OPTIMIZATION_LEVEL = 0;
				GCC_PREPROCESSOR_DEFINITIONS = (
					"DEBUG=1",
					"$(inherited)",
				);
				GCC_WARN_64_TO_32_BIT_CONVERSION = YES;
				GCC_WARN_ABOUT_RETURN_TYPE = YES_ERROR;
				GCC_WARN_UNDECLARED_SELECTOR = YES;
				GCC_WARN_UNINITIALIZED_AUTOS = YES_AGGRESSIVE;
				GCC_WARN_UNUSED_FUNCTION = YES;
				GCC_WARN_UNUSED_VARIABLE = YES;
				IPHONEOS_DEPLOYMENT_TARGET = 15.4;
				MTL_ENABLE_DEBUG_INFO = INCLUDE_SOURCE;
				MTL_FAST_MATH = YES;
				ONLY_ACTIVE_ARCH = YES;
				SDKROOT = iphoneos;
				SWIFT_ACTIVE_COMPILATION_CONDITIONS = DEBUG;
				SWIFT_OPTIMIZATION_LEVEL = "-Onone";
			};
			name = Debug;
		};
		E8724874284DFF2E007D306B /* Release */ = {
			isa = XCBuildConfiguration;
			buildSettings = {
				ALWAYS_SEARCH_USER_PATHS = NO;
				CLANG_ANALYZER_NONNULL = YES;
				CLANG_ANALYZER_NUMBER_OBJECT_CONVERSION = YES_AGGRESSIVE;
				CLANG_CXX_LANGUAGE_STANDARD = "gnu++17";
				CLANG_ENABLE_MODULES = YES;
				CLANG_ENABLE_OBJC_ARC = YES;
				CLANG_ENABLE_OBJC_WEAK = YES;
				CLANG_WARN_BLOCK_CAPTURE_AUTORELEASING = YES;
				CLANG_WARN_BOOL_CONVERSION = YES;
				CLANG_WARN_COMMA = YES;
				CLANG_WARN_CONSTANT_CONVERSION = YES;
				CLANG_WARN_DEPRECATED_OBJC_IMPLEMENTATIONS = YES;
				CLANG_WARN_DIRECT_OBJC_ISA_USAGE = YES_ERROR;
				CLANG_WARN_DOCUMENTATION_COMMENTS = YES;
				CLANG_WARN_EMPTY_BODY = YES;
				CLANG_WARN_ENUM_CONVERSION = YES;
				CLANG_WARN_INFINITE_RECURSION = YES;
				CLANG_WARN_INT_CONVERSION = YES;
				CLANG_WARN_NON_LITERAL_NULL_CONVERSION = YES;
				CLANG_WARN_OBJC_IMPLICIT_RETAIN_SELF = YES;
				CLANG_WARN_OBJC_LITERAL_CONVERSION = YES;
				CLANG_WARN_OBJC_ROOT_CLASS = YES_ERROR;
				CLANG_WARN_QUOTED_INCLUDE_IN_FRAMEWORK_HEADER = YES;
				CLANG_WARN_RANGE_LOOP_ANALYSIS = YES;
				CLANG_WARN_STRICT_PROTOTYPES = YES;
				CLANG_WARN_SUSPICIOUS_MOVE = YES;
				CLANG_WARN_UNGUARDED_AVAILABILITY = YES_AGGRESSIVE;
				CLANG_WARN_UNREACHABLE_CODE = YES;
				CLANG_WARN__DUPLICATE_METHOD_MATCH = YES;
				COPY_PHASE_STRIP = NO;
				DEBUG_INFORMATION_FORMAT = "dwarf-with-dsym";
				ENABLE_NS_ASSERTIONS = NO;
				ENABLE_STRICT_OBJC_MSGSEND = YES;
				GCC_C_LANGUAGE_STANDARD = gnu11;
				GCC_NO_COMMON_BLOCKS = YES;
				GCC_WARN_64_TO_32_BIT_CONVERSION = YES;
				GCC_WARN_ABOUT_RETURN_TYPE = YES_ERROR;
				GCC_WARN_UNDECLARED_SELECTOR = YES;
				GCC_WARN_UNINITIALIZED_AUTOS = YES_AGGRESSIVE;
				GCC_WARN_UNUSED_FUNCTION = YES;
				GCC_WARN_UNUSED_VARIABLE = YES;
				IPHONEOS_DEPLOYMENT_TARGET = 15.4;
				MTL_ENABLE_DEBUG_INFO = NO;
				MTL_FAST_MATH = YES;
				SDKROOT = iphoneos;
				SWIFT_COMPILATION_MODE = wholemodule;
				SWIFT_OPTIMIZATION_LEVEL = "-O";
				VALIDATE_PRODUCT = YES;
			};
			name = Release;
		};
		E8724876284DFF2E007D306B /* Debug */ = {
			isa = XCBuildConfiguration;
			buildSettings = {
				ASSETCATALOG_COMPILER_APPICON_NAME = AppIcon;
				ASSETCATALOG_COMPILER_GLOBAL_ACCENT_COLOR_NAME = AccentColor;
				CODE_SIGN_STYLE = Automatic;
				CURRENT_PROJECT_VERSION = 1;
				DEVELOPMENT_TEAM = 2Q7FR5CHKB;
				GENERATE_INFOPLIST_FILE = YES;
				INFOPLIST_FILE = PhotoBuchetWithoutStoryboard/App/Info.plist;
				INFOPLIST_KEY_UIApplicationSupportsIndirectInputEvents = YES;
				INFOPLIST_KEY_UILaunchStoryboardName = LaunchScreen;
				INFOPLIST_KEY_UISupportedInterfaceOrientations_iPad = "UIInterfaceOrientationPortrait UIInterfaceOrientationPortraitUpsideDown UIInterfaceOrientationLandscapeLeft UIInterfaceOrientationLandscapeRight";
				INFOPLIST_KEY_UISupportedInterfaceOrientations_iPhone = "UIInterfaceOrientationPortrait UIInterfaceOrientationLandscapeLeft UIInterfaceOrientationLandscapeRight";
				LD_RUNPATH_SEARCH_PATHS = (
					"$(inherited)",
					"@executable_path/Frameworks",
				);
				MARKETING_VERSION = 1.0;
				PRODUCT_BUNDLE_IDENTIFIER = reyganstorm.PhotoBuchetWithoutStoryboard;
				PRODUCT_NAME = "$(TARGET_NAME)";
				SWIFT_EMIT_LOC_STRINGS = YES;
				SWIFT_VERSION = 5.0;
				TARGETED_DEVICE_FAMILY = "1,2";
			};
			name = Debug;
		};
		E8724877284DFF2E007D306B /* Release */ = {
			isa = XCBuildConfiguration;
			buildSettings = {
				ASSETCATALOG_COMPILER_APPICON_NAME = AppIcon;
				ASSETCATALOG_COMPILER_GLOBAL_ACCENT_COLOR_NAME = AccentColor;
				CODE_SIGN_STYLE = Automatic;
				CURRENT_PROJECT_VERSION = 1;
				DEVELOPMENT_TEAM = 2Q7FR5CHKB;
				GENERATE_INFOPLIST_FILE = YES;
				INFOPLIST_FILE = PhotoBuchetWithoutStoryboard/App/Info.plist;
				INFOPLIST_KEY_UIApplicationSupportsIndirectInputEvents = YES;
				INFOPLIST_KEY_UILaunchStoryboardName = LaunchScreen;
				INFOPLIST_KEY_UISupportedInterfaceOrientations_iPad = "UIInterfaceOrientationPortrait UIInterfaceOrientationPortraitUpsideDown UIInterfaceOrientationLandscapeLeft UIInterfaceOrientationLandscapeRight";
				INFOPLIST_KEY_UISupportedInterfaceOrientations_iPhone = "UIInterfaceOrientationPortrait UIInterfaceOrientationLandscapeLeft UIInterfaceOrientationLandscapeRight";
				LD_RUNPATH_SEARCH_PATHS = (
					"$(inherited)",
					"@executable_path/Frameworks",
				);
				MARKETING_VERSION = 1.0;
				PRODUCT_BUNDLE_IDENTIFIER = reyganstorm.PhotoBuchetWithoutStoryboard;
				PRODUCT_NAME = "$(TARGET_NAME)";
				SWIFT_EMIT_LOC_STRINGS = YES;
				SWIFT_VERSION = 5.0;
				TARGETED_DEVICE_FAMILY = "1,2";
			};
			name = Release;
		};
/* End XCBuildConfiguration section */

/* Begin XCConfigurationList section */
		E872485C284DFF2D007D306B /* Build configuration list for PBXProject "PhotoBuchetWithoutStoryboard" */ = {
			isa = XCConfigurationList;
			buildConfigurations = (
				E8724873284DFF2E007D306B /* Debug */,
				E8724874284DFF2E007D306B /* Release */,
			);
			defaultConfigurationIsVisible = 0;
			defaultConfigurationName = Release;
		};
		E8724875284DFF2E007D306B /* Build configuration list for PBXNativeTarget "PhotoBuchetWithoutStoryboard" */ = {
			isa = XCConfigurationList;
			buildConfigurations = (
				E8724876284DFF2E007D306B /* Debug */,
				E8724877284DFF2E007D306B /* Release */,
			);
			defaultConfigurationIsVisible = 0;
			defaultConfigurationName = Release;
		};
/* End XCConfigurationList section */
	};
	rootObject = E8724859284DFF2D007D306B /* Project object */;
}
